[[package]]
category = "main"
description = "Distribution utilities"
name = "distlib"
optional = false
python-versions = "*"
version = "0.3.1"

[[package]]
category = "dev"
description = "A minimal PyPI server for use with pip/easy_install."
name = "pypiserver"
optional = false
python-versions = ">=2.7, !=3.0.*, !=3.1.*, !=3.2.*, !=3.3.*"
version = "1.4.2"

[package.extras]
cache = ["watchdog"]
passlib = ["passlib (>=1.6)"]

[[package]]
category = "dev"
description = "A built-package format for Python"
name = "wheel"
optional = false
python-versions = "!=3.0.*,!=3.1.*,!=3.2.*,!=3.3.*,!=3.4.*,>=2.7"
version = "0.35.1"

[package.extras]
test = ["pytest (>=3.0.0)", "pytest-cov"]

[metadata]
content-hash = "4fb28efb2bd66277254738d9cb6a38532de6ce8f2610dde466408439484eb590"
python-versions = "^3.6"

[metadata.files]
distlib = [
    {file = "distlib-0.3.1-py2.py3-none-any.whl", hash = "sha256:8c09de2c67b3e7deef7184574fc060ab8a793e7adbb183d942c389c8b13c52fb"},
    {file = "distlib-0.3.1.zip", hash = "sha256:edf6116872c863e1aa9d5bb7cb5e05a022c519a4594dc703843343a9ddd9bff1"},
]
pypiserver = [
    {file = "pypiserver-1.4.2-py2.py3-none-any.whl", hash = "sha256:3f73f13250c5ded5cd2653da5221c4635d6a0b428d0cb6c935741b906786349e"},
    {file = "pypiserver-1.4.2.zip", hash = "sha256:0bf2bc338519c2f767f4d577d9a16c79ea3083a1372049d70c05d053101a5e10"},
]
wheel = [
    {file = "wheel-0.35.1-py2.py3-none-any.whl", hash = "sha256:497add53525d16c173c2c1c733b8f655510e909ea78cc0e29d374243544b77a2"},
    {file = "wheel-0.35.1.tar.gz", hash = "sha256:99a22d87add3f634ff917310a3d87e499f19e663413a52eb9232c447aa646c9f"},
]
